{
  "name": "milpalmerasapp",
  "version": "1.0.0",
  "lockfileVersion": 1,
  "requires": true,
  "dependencies": {
    "@stencil/core": {
      "version": "2.3.0",
      "resolved": "https://registry.npmjs.org/@stencil/core/-/core-2.3.0.tgz",
      "integrity": "sha512-VZ/Ox0E1kngcmHbJhHUufuLELi+xG3of3LuRI3X2AMWyE82JUVYlOEsQci/YBZWpfc9BS9I36R88prBew22oew==",
      "dev": true
    },
    "@stencil/sass": {
      "version": "1.4.0",
      "resolved": "https://registry.npmjs.org/@stencil/sass/-/sass-1.4.0.tgz",
      "integrity": "sha512-UFYuaM8zFvdqnBi7DN5urzCjNOtW3VBrnvfTze7vRY5zUz9catNiaguJI3yCYil6t/WThgAdPCpaTNWV+R+TcA==",
      "dev": true
    },
    "@xstate/inspect": {
      "version": "0.0.11",
      "resolved": "https://registry.npmjs.org/@xstate/inspect/-/inspect-0.0.11.tgz",
      "integrity": "sha512-fnIqJV+YyV4z4ZR/0r6XEU/HKINdgsPkdWRPtbBsj+B88niBrEyN9ES31v2U4H5/sNfg8j6UDZ9od+XhdWxumQ==",
      "dev": true
    },
    "xstate": {
      "version": "4.11.0",
      "resolved": "https://registry.npmjs.org/xstate/-/xstate-4.11.0.tgz",
      "integrity": "sha512-v+S3jF2YrM2tFOit8o7+4N3FuFd9IIGcIKHyfHeeNjMlmNmwuiv/IbY9uw7ECifx7H/A9aGLcxPSr0jdjTGDww==",
      "dev": true
    }
  }
}
